
Microsoft Visual Studio Solution File, Format Version 12.00
# Visual Studio Version 17
VisualStudioVersion = 17.1.32421.90
MinimumVisualStudioVersion = 10.0.40219.1
Project("{9A19103F-16F7-4668-BE54-9A1E7A4F7556}") = "GeometricAlgebraFulcrumLib.UnitTests", "GeometricAlgebraFulcrumLib.UnitTests\GeometricAlgebraFulcrumLib.UnitTests.csproj", "{9211DAA6-C7F2-4058-82D2-8F8DB5CD6034}"
EndProject
Project("{9A19103F-16F7-4668-BE54-9A1E7A4F7556}") = "GeometricAlgebraFulcrumLib.Benchmarks", "GeometricAlgebraFulcrumLib.Benchmarks\GeometricAlgebraFulcrumLib.Benchmarks.csproj", "{DFCB27CE-326D-414F-8FD3-A6EB4E77031F}"
EndProject
Project("{9A19103F-16F7-4668-BE54-9A1E7A4F7556}") = "GeometricAlgebraFulcrumLib.Applications", "GeometricAlgebraFulcrumLib.Applications\GeometricAlgebraFulcrumLib.Applications.csproj", "{3865CF02-60BF-47EC-83C2-4867AFFF0462}"
EndProject
Project("{9A19103F-16F7-4668-BE54-9A1E7A4F7556}") = "GeometricAlgebraFulcrumLib.Mathematica", "GeometricAlgebraFulcrumLib.Mathematica\GeometricAlgebraFulcrumLib.Mathematica.csproj", "{76284D74-E778-4A53-BF32-612A8C3F4FEF}"
EndProject
Project("{9A19103F-16F7-4668-BE54-9A1E7A4F7556}") = "GeometricAlgebraFulcrumLib.Utilities.Structures", "GeometricAlgebraFulcrumLib.Utilities.Structures\GeometricAlgebraFulcrumLib.Utilities.Structures.csproj", "{EC6E98BB-FC01-4972-95D1-355955C73C13}"
EndProject
Project("{9A19103F-16F7-4668-BE54-9A1E7A4F7556}") = "GeometricAlgebraFulcrumLib.Utilities.Text", "GeometricAlgebraFulcrumLib.Utilities.Text\GeometricAlgebraFulcrumLib.Utilities.Text.csproj", "{6B04588F-396D-4854-BBA3-747EC310FB3C}"
EndProject
Project("{9A19103F-16F7-4668-BE54-9A1E7A4F7556}") = "GeometricAlgebraFulcrumLib.Utilities.Web", "GeometricAlgebraFulcrumLib.Utilities.Web\GeometricAlgebraFulcrumLib.Utilities.Web.csproj", "{95725E71-DC96-4404-8D19-57FBBD73A50F}"
EndProject
Project("{9A19103F-16F7-4668-BE54-9A1E7A4F7556}") = "GeometricAlgebraFulcrumLib.Utilities.Code", "GeometricAlgebraFulcrumLib.Utilities.Code\GeometricAlgebraFulcrumLib.Utilities.Code.csproj", "{4127A8E4-7A55-4D67-BD0E-E4A4E95A3897}"
EndProject
Project("{9A19103F-16F7-4668-BE54-9A1E7A4F7556}") = "GeometricAlgebraFulcrumLib.Algebra", "GeometricAlgebraFulcrumLib.Algebra\GeometricAlgebraFulcrumLib.Algebra.csproj", "{BD855662-B202-4AC2-BB64-B7013F8DBED3}"
EndProject
Project("{9A19103F-16F7-4668-BE54-9A1E7A4F7556}") = "GeometricAlgebraFulcrumLib.Modeling", "GeometricAlgebraFulcrumLib.Modeling\GeometricAlgebraFulcrumLib.Modeling.csproj", "{6E9441E8-AD6B-4E1E-8694-4E00EFDBF11A}"
EndProject
Project("{9A19103F-16F7-4668-BE54-9A1E7A4F7556}") = "GeometricAlgebraFulcrumLib.MetaProgramming", "GeometricAlgebraFulcrumLib.MetaProgramming\GeometricAlgebraFulcrumLib.MetaProgramming.csproj", "{3B2900F1-66D0-45D8-86E2-C981C4B1FC40}"
EndProject
Project("{9A19103F-16F7-4668-BE54-9A1E7A4F7556}") = "GeometricAlgebraFulcrumLib.Applications.Symbolic", "GeometricAlgebraFulcrumLib.Applications.Symbolic\GeometricAlgebraFulcrumLib.Applications.Symbolic.csproj", "{DC4D55EA-F99E-4848-B98D-E73F86DDA97F}"
EndProject
Project("{9A19103F-16F7-4668-BE54-9A1E7A4F7556}") = "GeometricAlgebraFulcrumLib.Samples.Generations", "GeometricAlgebraFulcrumLib.Samples.Generations\GeometricAlgebraFulcrumLib.Samples.Generations.csproj", "{6B9E8AB2-D9AB-445C-B0D9-9B735C6320E6}"
EndProject
Project("{9A19103F-16F7-4668-BE54-9A1E7A4F7556}") = "GeometricAlgebraFulcrumLib.Optimization", "GeometricAlgebraFulcrumLib.Optimization\GeometricAlgebraFulcrumLib.Optimization.csproj", "{C66C8284-D610-42D1-BBA7-04CBAD905EFF}"
EndProject
Global
	GlobalSection(SolutionConfigurationPlatforms) = preSolution
		Debug|Any CPU = Debug|Any CPU
		Debug|ARM32 = Debug|ARM32
		Debug|x64 = Debug|x64
		Release|Any CPU = Release|Any CPU
		Release|ARM32 = Release|ARM32
		Release|x64 = Release|x64
	EndGlobalSection
	GlobalSection(ProjectConfigurationPlatforms) = postSolution
		{9211DAA6-C7F2-4058-82D2-8F8DB5CD6034}.Debug|Any CPU.ActiveCfg = Debug|Any CPU
		{9211DAA6-C7F2-4058-82D2-8F8DB5CD6034}.Debug|Any CPU.Build.0 = Debug|Any CPU
		{9211DAA6-C7F2-4058-82D2-8F8DB5CD6034}.Debug|ARM32.ActiveCfg = Debug|Any CPU
		{9211DAA6-C7F2-4058-82D2-8F8DB5CD6034}.Debug|ARM32.Build.0 = Debug|Any CPU
		{9211DAA6-C7F2-4058-82D2-8F8DB5CD6034}.Debug|x64.ActiveCfg = Debug|x64
		{9211DAA6-C7F2-4058-82D2-8F8DB5CD6034}.Debug|x64.Build.0 = Debug|x64
		{9211DAA6-C7F2-4058-82D2-8F8DB5CD6034}.Release|Any CPU.ActiveCfg = Release|Any CPU
		{9211DAA6-C7F2-4058-82D2-8F8DB5CD6034}.Release|Any CPU.Build.0 = Release|Any CPU
		{9211DAA6-C7F2-4058-82D2-8F8DB5CD6034}.Release|ARM32.ActiveCfg = Release|Any CPU
		{9211DAA6-C7F2-4058-82D2-8F8DB5CD6034}.Release|ARM32.Build.0 = Release|Any CPU
		{9211DAA6-C7F2-4058-82D2-8F8DB5CD6034}.Release|x64.ActiveCfg = Release|x64
		{9211DAA6-C7F2-4058-82D2-8F8DB5CD6034}.Release|x64.Build.0 = Release|x64
		{DFCB27CE-326D-414F-8FD3-A6EB4E77031F}.Debug|Any CPU.ActiveCfg = Debug|Any CPU
		{DFCB27CE-326D-414F-8FD3-A6EB4E77031F}.Debug|Any CPU.Build.0 = Debug|Any CPU
		{DFCB27CE-326D-414F-8FD3-A6EB4E77031F}.Debug|ARM32.ActiveCfg = Debug|Any CPU
		{DFCB27CE-326D-414F-8FD3-A6EB4E77031F}.Debug|ARM32.Build.0 = Debug|Any CPU
		{DFCB27CE-326D-414F-8FD3-A6EB4E77031F}.Debug|x64.ActiveCfg = Debug|x64
		{DFCB27CE-326D-414F-8FD3-A6EB4E77031F}.Debug|x64.Build.0 = Debug|x64
		{DFCB27CE-326D-414F-8FD3-A6EB4E77031F}.Release|Any CPU.ActiveCfg = Release|Any CPU
		{DFCB27CE-326D-414F-8FD3-A6EB4E77031F}.Release|Any CPU.Build.0 = Release|Any CPU
		{DFCB27CE-326D-414F-8FD3-A6EB4E77031F}.Release|ARM32.ActiveCfg = Release|Any CPU
		{DFCB27CE-326D-414F-8FD3-A6EB4E77031F}.Release|ARM32.Build.0 = Release|Any CPU
		{DFCB27CE-326D-414F-8FD3-A6EB4E77031F}.Release|x64.ActiveCfg = Release|x64
		{DFCB27CE-326D-414F-8FD3-A6EB4E77031F}.Release|x64.Build.0 = Release|x64
		{3865CF02-60BF-47EC-83C2-4867AFFF0462}.Debug|Any CPU.ActiveCfg = Debug|Any CPU
		{3865CF02-60BF-47EC-83C2-4867AFFF0462}.Debug|Any CPU.Build.0 = Debug|Any CPU
		{3865CF02-60BF-47EC-83C2-4867AFFF0462}.Debug|ARM32.ActiveCfg = Debug|Any CPU
		{3865CF02-60BF-47EC-83C2-4867AFFF0462}.Debug|ARM32.Build.0 = Debug|Any CPU
		{3865CF02-60BF-47EC-83C2-4867AFFF0462}.Debug|x64.ActiveCfg = Debug|x64
		{3865CF02-60BF-47EC-83C2-4867AFFF0462}.Debug|x64.Build.0 = Debug|x64
		{3865CF02-60BF-47EC-83C2-4867AFFF0462}.Release|Any CPU.ActiveCfg = Release|Any CPU
		{3865CF02-60BF-47EC-83C2-4867AFFF0462}.Release|Any CPU.Build.0 = Release|Any CPU
		{3865CF02-60BF-47EC-83C2-4867AFFF0462}.Release|ARM32.ActiveCfg = Release|Any CPU
		{3865CF02-60BF-47EC-83C2-4867AFFF0462}.Release|ARM32.Build.0 = Release|Any CPU
		{3865CF02-60BF-47EC-83C2-4867AFFF0462}.Release|x64.ActiveCfg = Release|x64
		{3865CF02-60BF-47EC-83C2-4867AFFF0462}.Release|x64.Build.0 = Release|x64
		{76284D74-E778-4A53-BF32-612A8C3F4FEF}.Debug|Any CPU.ActiveCfg = Debug|Any CPU
		{76284D74-E778-4A53-BF32-612A8C3F4FEF}.Debug|Any CPU.Build.0 = Debug|Any CPU
		{76284D74-E778-4A53-BF32-612A8C3F4FEF}.Debug|ARM32.ActiveCfg = Debug|Any CPU
		{76284D74-E778-4A53-BF32-612A8C3F4FEF}.Debug|ARM32.Build.0 = Debug|Any CPU
		{76284D74-E778-4A53-BF32-612A8C3F4FEF}.Debug|x64.ActiveCfg = Debug|x64
		{76284D74-E778-4A53-BF32-612A8C3F4FEF}.Debug|x64.Build.0 = Debug|x64
		{76284D74-E778-4A53-BF32-612A8C3F4FEF}.Release|Any CPU.ActiveCfg = Release|Any CPU
		{76284D74-E778-4A53-BF32-612A8C3F4FEF}.Release|Any CPU.Build.0 = Release|Any CPU
		{76284D74-E778-4A53-BF32-612A8C3F4FEF}.Release|ARM32.ActiveCfg = Release|Any CPU
		{76284D74-E778-4A53-BF32-612A8C3F4FEF}.Release|ARM32.Build.0 = Release|Any CPU
		{76284D74-E778-4A53-BF32-612A8C3F4FEF}.Release|x64.ActiveCfg = Release|x64
		{76284D74-E778-4A53-BF32-612A8C3F4FEF}.Release|x64.Build.0 = Release|x64
		{EC6E98BB-FC01-4972-95D1-355955C73C13}.Debug|Any CPU.ActiveCfg = Debug|Any CPU
		{EC6E98BB-FC01-4972-95D1-355955C73C13}.Debug|Any CPU.Build.0 = Debug|Any CPU
		{EC6E98BB-FC01-4972-95D1-355955C73C13}.Debug|ARM32.ActiveCfg = Debug|Any CPU
		{EC6E98BB-FC01-4972-95D1-355955C73C13}.Debug|ARM32.Build.0 = Debug|Any CPU
		{EC6E98BB-FC01-4972-95D1-355955C73C13}.Debug|x64.ActiveCfg = Debug|x64
		{EC6E98BB-FC01-4972-95D1-355955C73C13}.Debug|x64.Build.0 = Debug|x64
		{EC6E98BB-FC01-4972-95D1-355955C73C13}.Release|Any CPU.ActiveCfg = Release|Any CPU
		{EC6E98BB-FC01-4972-95D1-355955C73C13}.Release|Any CPU.Build.0 = Release|Any CPU
		{EC6E98BB-FC01-4972-95D1-355955C73C13}.Release|ARM32.ActiveCfg = Release|Any CPU
		{EC6E98BB-FC01-4972-95D1-355955C73C13}.Release|ARM32.Build.0 = Release|Any CPU
		{EC6E98BB-FC01-4972-95D1-355955C73C13}.Release|x64.ActiveCfg = Release|x64
		{EC6E98BB-FC01-4972-95D1-355955C73C13}.Release|x64.Build.0 = Release|x64
		{6B04588F-396D-4854-BBA3-747EC310FB3C}.Debug|Any CPU.ActiveCfg = Debug|Any CPU
		{6B04588F-396D-4854-BBA3-747EC310FB3C}.Debug|Any CPU.Build.0 = Debug|Any CPU
		{6B04588F-396D-4854-BBA3-747EC310FB3C}.Debug|ARM32.ActiveCfg = Debug|Any CPU
		{6B04588F-396D-4854-BBA3-747EC310FB3C}.Debug|ARM32.Build.0 = Debug|Any CPU
		{6B04588F-396D-4854-BBA3-747EC310FB3C}.Debug|x64.ActiveCfg = Debug|x64
		{6B04588F-396D-4854-BBA3-747EC310FB3C}.Debug|x64.Build.0 = Debug|x64
		{6B04588F-396D-4854-BBA3-747EC310FB3C}.Release|Any CPU.ActiveCfg = Release|Any CPU
		{6B04588F-396D-4854-BBA3-747EC310FB3C}.Release|Any CPU.Build.0 = Release|Any CPU
		{6B04588F-396D-4854-BBA3-747EC310FB3C}.Release|ARM32.ActiveCfg = Release|Any CPU
		{6B04588F-396D-4854-BBA3-747EC310FB3C}.Release|ARM32.Build.0 = Release|Any CPU
		{6B04588F-396D-4854-BBA3-747EC310FB3C}.Release|x64.ActiveCfg = Release|x64
		{6B04588F-396D-4854-BBA3-747EC310FB3C}.Release|x64.Build.0 = Release|x64
		{95725E71-DC96-4404-8D19-57FBBD73A50F}.Debug|Any CPU.ActiveCfg = Debug|Any CPU
		{95725E71-DC96-4404-8D19-57FBBD73A50F}.Debug|Any CPU.Build.0 = Debug|Any CPU
		{95725E71-DC96-4404-8D19-57FBBD73A50F}.Debug|ARM32.ActiveCfg = Debug|Any CPU
		{95725E71-DC96-4404-8D19-57FBBD73A50F}.Debug|ARM32.Build.0 = Debug|Any CPU
		{95725E71-DC96-4404-8D19-57FBBD73A50F}.Debug|x64.ActiveCfg = Debug|x64
		{95725E71-DC96-4404-8D19-57FBBD73A50F}.Debug|x64.Build.0 = Debug|x64
		{95725E71-DC96-4404-8D19-57FBBD73A50F}.Release|Any CPU.ActiveCfg = Release|Any CPU
		{95725E71-DC96-4404-8D19-57FBBD73A50F}.Release|Any CPU.Build.0 = Release|Any CPU
		{95725E71-DC96-4404-8D19-57FBBD73A50F}.Release|ARM32.ActiveCfg = Release|Any CPU
		{95725E71-DC96-4404-8D19-57FBBD73A50F}.Release|ARM32.Build.0 = Release|Any CPU
		{95725E71-DC96-4404-8D19-57FBBD73A50F}.Release|x64.ActiveCfg = Release|x64
		{95725E71-DC96-4404-8D19-57FBBD73A50F}.Release|x64.Build.0 = Release|x64
		{4127A8E4-7A55-4D67-BD0E-E4A4E95A3897}.Debug|Any CPU.ActiveCfg = Debug|Any CPU
		{4127A8E4-7A55-4D67-BD0E-E4A4E95A3897}.Debug|Any CPU.Build.0 = Debug|Any CPU
		{4127A8E4-7A55-4D67-BD0E-E4A4E95A3897}.Debug|ARM32.ActiveCfg = Debug|Any CPU
		{4127A8E4-7A55-4D67-BD0E-E4A4E95A3897}.Debug|ARM32.Build.0 = Debug|Any CPU
		{4127A8E4-7A55-4D67-BD0E-E4A4E95A3897}.Debug|x64.ActiveCfg = Debug|x64
		{4127A8E4-7A55-4D67-BD0E-E4A4E95A3897}.Debug|x64.Build.0 = Debug|x64
		{4127A8E4-7A55-4D67-BD0E-E4A4E95A3897}.Release|Any CPU.ActiveCfg = Release|Any CPU
		{4127A8E4-7A55-4D67-BD0E-E4A4E95A3897}.Release|Any CPU.Build.0 = Release|Any CPU
		{4127A8E4-7A55-4D67-BD0E-E4A4E95A3897}.Release|ARM32.ActiveCfg = Release|Any CPU
		{4127A8E4-7A55-4D67-BD0E-E4A4E95A3897}.Release|ARM32.Build.0 = Release|Any CPU
		{4127A8E4-7A55-4D67-BD0E-E4A4E95A3897}.Release|x64.ActiveCfg = Release|x64
		{4127A8E4-7A55-4D67-BD0E-E4A4E95A3897}.Release|x64.Build.0 = Release|x64
		{BD855662-B202-4AC2-BB64-B7013F8DBED3}.Debug|Any CPU.ActiveCfg = Debug|Any CPU
		{BD855662-B202-4AC2-BB64-B7013F8DBED3}.Debug|Any CPU.Build.0 = Debug|Any CPU
		{BD855662-B202-4AC2-BB64-B7013F8DBED3}.Debug|ARM32.ActiveCfg = Debug|Any CPU
		{BD855662-B202-4AC2-BB64-B7013F8DBED3}.Debug|ARM32.Build.0 = Debug|Any CPU
		{BD855662-B202-4AC2-BB64-B7013F8DBED3}.Debug|x64.ActiveCfg = Debug|x64
		{BD855662-B202-4AC2-BB64-B7013F8DBED3}.Debug|x64.Build.0 = Debug|x64
		{BD855662-B202-4AC2-BB64-B7013F8DBED3}.Release|Any CPU.ActiveCfg = Release|Any CPU
		{BD855662-B202-4AC2-BB64-B7013F8DBED3}.Release|Any CPU.Build.0 = Release|Any CPU
		{BD855662-B202-4AC2-BB64-B7013F8DBED3}.Release|ARM32.ActiveCfg = Release|Any CPU
		{BD855662-B202-4AC2-BB64-B7013F8DBED3}.Release|ARM32.Build.0 = Release|Any CPU
		{BD855662-B202-4AC2-BB64-B7013F8DBED3}.Release|x64.ActiveCfg = Release|x64
		{BD855662-B202-4AC2-BB64-B7013F8DBED3}.Release|x64.Build.0 = Release|x64
		{6E9441E8-AD6B-4E1E-8694-4E00EFDBF11A}.Debug|Any CPU.ActiveCfg = Debug|Any CPU
		{6E9441E8-AD6B-4E1E-8694-4E00EFDBF11A}.Debug|Any CPU.Build.0 = Debug|Any CPU
		{6E9441E8-AD6B-4E1E-8694-4E00EFDBF11A}.Debug|ARM32.ActiveCfg = Debug|Any CPU
		{6E9441E8-AD6B-4E1E-8694-4E00EFDBF11A}.Debug|ARM32.Build.0 = Debug|Any CPU
		{6E9441E8-AD6B-4E1E-8694-4E00EFDBF11A}.Debug|x64.ActiveCfg = Debug|x64
		{6E9441E8-AD6B-4E1E-8694-4E00EFDBF11A}.Debug|x64.Build.0 = Debug|x64
		{6E9441E8-AD6B-4E1E-8694-4E00EFDBF11A}.Release|Any CPU.ActiveCfg = Release|Any CPU
		{6E9441E8-AD6B-4E1E-8694-4E00EFDBF11A}.Release|Any CPU.Build.0 = Release|Any CPU
		{6E9441E8-AD6B-4E1E-8694-4E00EFDBF11A}.Release|ARM32.ActiveCfg = Release|Any CPU
		{6E9441E8-AD6B-4E1E-8694-4E00EFDBF11A}.Release|ARM32.Build.0 = Release|Any CPU
		{6E9441E8-AD6B-4E1E-8694-4E00EFDBF11A}.Release|x64.ActiveCfg = Release|x64
		{6E9441E8-AD6B-4E1E-8694-4E00EFDBF11A}.Release|x64.Build.0 = Release|x64
		{3B2900F1-66D0-45D8-86E2-C981C4B1FC40}.Debug|Any CPU.ActiveCfg = Debug|Any CPU
		{3B2900F1-66D0-45D8-86E2-C981C4B1FC40}.Debug|Any CPU.Build.0 = Debug|Any CPU
		{3B2900F1-66D0-45D8-86E2-C981C4B1FC40}.Debug|ARM32.ActiveCfg = Debug|Any CPU
		{3B2900F1-66D0-45D8-86E2-C981C4B1FC40}.Debug|ARM32.Build.0 = Debug|Any CPU
		{3B2900F1-66D0-45D8-86E2-C981C4B1FC40}.Debug|x64.ActiveCfg = Debug|x64
		{3B2900F1-66D0-45D8-86E2-C981C4B1FC40}.Debug|x64.Build.0 = Debug|x64
		{3B2900F1-66D0-45D8-86E2-C981C4B1FC40}.Release|Any CPU.ActiveCfg = Release|Any CPU
		{3B2900F1-66D0-45D8-86E2-C981C4B1FC40}.Release|Any CPU.Build.0 = Release|Any CPU
		{3B2900F1-66D0-45D8-86E2-C981C4B1FC40}.Release|ARM32.ActiveCfg = Release|Any CPU
		{3B2900F1-66D0-45D8-86E2-C981C4B1FC40}.Release|ARM32.Build.0 = Release|Any CPU
		{3B2900F1-66D0-45D8-86E2-C981C4B1FC40}.Release|x64.ActiveCfg = Release|x64
		{3B2900F1-66D0-45D8-86E2-C981C4B1FC40}.Release|x64.Build.0 = Release|x64
		{DC4D55EA-F99E-4848-B98D-E73F86DDA97F}.Debug|Any CPU.ActiveCfg = Debug|Any CPU
		{DC4D55EA-F99E-4848-B98D-E73F86DDA97F}.Debug|Any CPU.Build.0 = Debug|Any CPU
		{DC4D55EA-F99E-4848-B98D-E73F86DDA97F}.Debug|ARM32.ActiveCfg = Debug|Any CPU
		{DC4D55EA-F99E-4848-B98D-E73F86DDA97F}.Debug|ARM32.Build.0 = Debug|Any CPU
		{DC4D55EA-F99E-4848-B98D-E73F86DDA97F}.Debug|x64.ActiveCfg = Debug|x64
		{DC4D55EA-F99E-4848-B98D-E73F86DDA97F}.Debug|x64.Build.0 = Debug|x64
		{DC4D55EA-F99E-4848-B98D-E73F86DDA97F}.Release|Any CPU.ActiveCfg = Release|Any CPU
		{DC4D55EA-F99E-4848-B98D-E73F86DDA97F}.Release|Any CPU.Build.0 = Release|Any CPU
		{DC4D55EA-F99E-4848-B98D-E73F86DDA97F}.Release|ARM32.ActiveCfg = Release|Any CPU
		{DC4D55EA-F99E-4848-B98D-E73F86DDA97F}.Release|ARM32.Build.0 = Release|Any CPU
		{DC4D55EA-F99E-4848-B98D-E73F86DDA97F}.Release|x64.ActiveCfg = Release|x64
		{DC4D55EA-F99E-4848-B98D-E73F86DDA97F}.Release|x64.Build.0 = Release|x64
		{6B9E8AB2-D9AB-445C-B0D9-9B735C6320E6}.Debug|Any CPU.ActiveCfg = Debug|Any CPU
		{6B9E8AB2-D9AB-445C-B0D9-9B735C6320E6}.Debug|Any CPU.Build.0 = Debug|Any CPU
		{6B9E8AB2-D9AB-445C-B0D9-9B735C6320E6}.Debug|ARM32.ActiveCfg = Debug|Any CPU
		{6B9E8AB2-D9AB-445C-B0D9-9B735C6320E6}.Debug|ARM32.Build.0 = Debug|Any CPU
		{6B9E8AB2-D9AB-445C-B0D9-9B735C6320E6}.Debug|x64.ActiveCfg = Debug|x64
		{6B9E8AB2-D9AB-445C-B0D9-9B735C6320E6}.Debug|x64.Build.0 = Debug|x64
		{6B9E8AB2-D9AB-445C-B0D9-9B735C6320E6}.Release|Any CPU.ActiveCfg = Release|Any CPU
		{6B9E8AB2-D9AB-445C-B0D9-9B735C6320E6}.Release|Any CPU.Build.0 = Release|Any CPU
		{6B9E8AB2-D9AB-445C-B0D9-9B735C6320E6}.Release|ARM32.ActiveCfg = Release|Any CPU
		{6B9E8AB2-D9AB-445C-B0D9-9B735C6320E6}.Release|ARM32.Build.0 = Release|Any CPU
		{6B9E8AB2-D9AB-445C-B0D9-9B735C6320E6}.Release|x64.ActiveCfg = Release|x64
		{6B9E8AB2-D9AB-445C-B0D9-9B735C6320E6}.Release|x64.Build.0 = Release|x64
		{C66C8284-D610-42D1-BBA7-04CBAD905EFF}.Debug|Any CPU.ActiveCfg = Debug|Any CPU
		{C66C8284-D610-42D1-BBA7-04CBAD905EFF}.Debug|Any CPU.Build.0 = Debug|Any CPU
		{C66C8284-D610-42D1-BBA7-04CBAD905EFF}.Debug|ARM32.ActiveCfg = Debug|Any CPU
		{C66C8284-D610-42D1-BBA7-04CBAD905EFF}.Debug|ARM32.Build.0 = Debug|Any CPU
		{C66C8284-D610-42D1-BBA7-04CBAD905EFF}.Debug|x64.ActiveCfg = Debug|x64
		{C66C8284-D610-42D1-BBA7-04CBAD905EFF}.Debug|x64.Build.0 = Debug|x64
		{C66C8284-D610-42D1-BBA7-04CBAD905EFF}.Release|Any CPU.ActiveCfg = Release|Any CPU
		{C66C8284-D610-42D1-BBA7-04CBAD905EFF}.Release|Any CPU.Build.0 = Release|Any CPU
		{C66C8284-D610-42D1-BBA7-04CBAD905EFF}.Release|ARM32.ActiveCfg = Release|Any CPU
		{C66C8284-D610-42D1-BBA7-04CBAD905EFF}.Release|ARM32.Build.0 = Release|Any CPU
		{C66C8284-D610-42D1-BBA7-04CBAD905EFF}.Release|x64.ActiveCfg = Release|x64
		{C66C8284-D610-42D1-BBA7-04CBAD905EFF}.Release|x64.Build.0 = Release|x64
	EndGlobalSection
	GlobalSection(SolutionProperties) = preSolution
		HideSolutionNode = FALSE
	EndGlobalSection
	GlobalSection(ExtensibilityGlobals) = postSolution
		SolutionGuid = {2C45044F-F72F-45B1-A6DA-2ECCA49AA667}
	EndGlobalSection
EndGlobal
