
Microsoft Visual Studio Solution File, Format Version 12.00
# Visual Studio Version 16
VisualStudioVersion = 16.0.31129.286
MinimumVisualStudioVersion = 10.0.40219.1
Project("{FAE04EC0-301F-11D3-BF4B-00C04F79EFBC}") = "CodeComposerLib", "CodeComposerLib\CodeComposerLib.csproj", "{4417E419-90EA-4A80-B297-FA2074C6C2CD}"
EndProject
Project("{9A19103F-16F7-4668-BE54-9A1E7A4F7556}") = "DataStructuresLib", "..\DataStructuresLib\DataStructuresLib\DataStructuresLib.csproj", "{BA96CD70-B223-4FA2-BCF1-2CDDFF4A2C16}"
EndProject
Project("{9A19103F-16F7-4668-BE54-9A1E7A4F7556}") = "TextComposerLib", "..\TextComposerLib\TextComposerLib\TextComposerLib.csproj", "{A8CD7857-62AC-48D1-BD5A-01FDB9A5F1A6}"
EndProject
Project("{FAE04EC0-301F-11D3-BF4B-00C04F79EFBC}") = "CodeComposerLib.Samples", "CodeComposerLib.Samples\CodeComposerLib.Samples.csproj", "{A729368D-D1F9-4133-B698-9FDC6207CC73}"
EndProject
Project("{FAE04EC0-301F-11D3-BF4B-00C04F79EFBC}") = "CodeComposerLib.WinForms", "CodeComposerLib.WinForms\CodeComposerLib.WinForms.csproj", "{CDCD62BC-35A1-498F-9D76-C3DCCE48070D}"
EndProject
Global
	GlobalSection(SolutionConfigurationPlatforms) = preSolution
		Debug|Any CPU = Debug|Any CPU
		Debug|x64 = Debug|x64
		Release|Any CPU = Release|Any CPU
		Release|x64 = Release|x64
	EndGlobalSection
	GlobalSection(ProjectConfigurationPlatforms) = postSolution
		{4417E419-90EA-4A80-B297-FA2074C6C2CD}.Debug|Any CPU.ActiveCfg = Debug|Any CPU
		{4417E419-90EA-4A80-B297-FA2074C6C2CD}.Debug|Any CPU.Build.0 = Debug|Any CPU
		{4417E419-90EA-4A80-B297-FA2074C6C2CD}.Debug|x64.ActiveCfg = Debug|x64
		{4417E419-90EA-4A80-B297-FA2074C6C2CD}.Debug|x64.Build.0 = Debug|x64
		{4417E419-90EA-4A80-B297-FA2074C6C2CD}.Release|Any CPU.ActiveCfg = Release|Any CPU
		{4417E419-90EA-4A80-B297-FA2074C6C2CD}.Release|Any CPU.Build.0 = Release|Any CPU
		{4417E419-90EA-4A80-B297-FA2074C6C2CD}.Release|x64.ActiveCfg = Release|x64
		{4417E419-90EA-4A80-B297-FA2074C6C2CD}.Release|x64.Build.0 = Release|x64
		{BA96CD70-B223-4FA2-BCF1-2CDDFF4A2C16}.Debug|Any CPU.ActiveCfg = Debug|Any CPU
		{BA96CD70-B223-4FA2-BCF1-2CDDFF4A2C16}.Debug|Any CPU.Build.0 = Debug|Any CPU
		{BA96CD70-B223-4FA2-BCF1-2CDDFF4A2C16}.Debug|x64.ActiveCfg = Debug|x64
		{BA96CD70-B223-4FA2-BCF1-2CDDFF4A2C16}.Debug|x64.Build.0 = Debug|x64
		{BA96CD70-B223-4FA2-BCF1-2CDDFF4A2C16}.Release|Any CPU.ActiveCfg = Release|Any CPU
		{BA96CD70-B223-4FA2-BCF1-2CDDFF4A2C16}.Release|Any CPU.Build.0 = Release|Any CPU
		{BA96CD70-B223-4FA2-BCF1-2CDDFF4A2C16}.Release|x64.ActiveCfg = Release|x64
		{BA96CD70-B223-4FA2-BCF1-2CDDFF4A2C16}.Release|x64.Build.0 = Release|x64
		{A8CD7857-62AC-48D1-BD5A-01FDB9A5F1A6}.Debug|Any CPU.ActiveCfg = Debug|Any CPU
		{A8CD7857-62AC-48D1-BD5A-01FDB9A5F1A6}.Debug|Any CPU.Build.0 = Debug|Any CPU
		{A8CD7857-62AC-48D1-BD5A-01FDB9A5F1A6}.Debug|x64.ActiveCfg = Debug|x64
		{A8CD7857-62AC-48D1-BD5A-01FDB9A5F1A6}.Debug|x64.Build.0 = Debug|x64
		{A8CD7857-62AC-48D1-BD5A-01FDB9A5F1A6}.Release|Any CPU.ActiveCfg = Release|Any CPU
		{A8CD7857-62AC-48D1-BD5A-01FDB9A5F1A6}.Release|Any CPU.Build.0 = Release|Any CPU
		{A8CD7857-62AC-48D1-BD5A-01FDB9A5F1A6}.Release|x64.ActiveCfg = Release|x64
		{A8CD7857-62AC-48D1-BD5A-01FDB9A5F1A6}.Release|x64.Build.0 = Release|x64
		{A729368D-D1F9-4133-B698-9FDC6207CC73}.Debug|Any CPU.ActiveCfg = Debug|Any CPU
		{A729368D-D1F9-4133-B698-9FDC6207CC73}.Debug|Any CPU.Build.0 = Debug|Any CPU
		{A729368D-D1F9-4133-B698-9FDC6207CC73}.Debug|x64.ActiveCfg = Debug|x64
		{A729368D-D1F9-4133-B698-9FDC6207CC73}.Debug|x64.Build.0 = Debug|x64
		{A729368D-D1F9-4133-B698-9FDC6207CC73}.Release|Any CPU.ActiveCfg = Release|Any CPU
		{A729368D-D1F9-4133-B698-9FDC6207CC73}.Release|Any CPU.Build.0 = Release|Any CPU
		{A729368D-D1F9-4133-B698-9FDC6207CC73}.Release|x64.ActiveCfg = Release|x64
		{A729368D-D1F9-4133-B698-9FDC6207CC73}.Release|x64.Build.0 = Release|x64
		{CDCD62BC-35A1-498F-9D76-C3DCCE48070D}.Debug|Any CPU.ActiveCfg = Debug|Any CPU
		{CDCD62BC-35A1-498F-9D76-C3DCCE48070D}.Debug|Any CPU.Build.0 = Debug|Any CPU
		{CDCD62BC-35A1-498F-9D76-C3DCCE48070D}.Debug|x64.ActiveCfg = Debug|x64
		{CDCD62BC-35A1-498F-9D76-C3DCCE48070D}.Debug|x64.Build.0 = Debug|x64
		{CDCD62BC-35A1-498F-9D76-C3DCCE48070D}.Release|Any CPU.ActiveCfg = Release|Any CPU
		{CDCD62BC-35A1-498F-9D76-C3DCCE48070D}.Release|Any CPU.Build.0 = Release|Any CPU
		{CDCD62BC-35A1-498F-9D76-C3DCCE48070D}.Release|x64.ActiveCfg = Release|x64
		{CDCD62BC-35A1-498F-9D76-C3DCCE48070D}.Release|x64.Build.0 = Release|x64
	EndGlobalSection
	GlobalSection(SolutionProperties) = preSolution
		HideSolutionNode = FALSE
	EndGlobalSection
	GlobalSection(ExtensibilityGlobals) = postSolution
		SolutionGuid = {8ED3EA32-8061-42BF-A391-D5269BC2928A}
	EndGlobalSection
EndGlobal
