
Microsoft Visual Studio Solution File, Format Version 12.00
# Visual Studio Version 17
VisualStudioVersion = 17.5.33530.505
MinimumVisualStudioVersion = 10.0.40219.1
Project("{FAE04EC0-301F-11D3-BF4B-00C04F79EFBC}") = "WebComposerLib", "WebComposerLib\WebComposerLib.csproj", "{28C66D70-F29F-4B92-9A70-C7F7CF18C90B}"
EndProject
Project("{9A19103F-16F7-4668-BE54-9A1E7A4F7556}") = "TextComposerLib", "..\TextComposerLib\TextComposerLib\TextComposerLib.csproj", "{1A20A121-7210-4773-8231-33A8D452CD1E}"
EndProject
Project("{9A19103F-16F7-4668-BE54-9A1E7A4F7556}") = "DataStructuresLib", "..\DataStructuresLib\DataStructuresLib\DataStructuresLib.csproj", "{EBE0FC78-42A7-49A2-9019-FFDAFADF75EE}"
EndProject
Global
	GlobalSection(SolutionConfigurationPlatforms) = preSolution
		Debug|Any CPU = Debug|Any CPU
		Debug|x64 = Debug|x64
		Release|Any CPU = Release|Any CPU
		Release|x64 = Release|x64
	EndGlobalSection
	GlobalSection(ProjectConfigurationPlatforms) = postSolution
		{28C66D70-F29F-4B92-9A70-C7F7CF18C90B}.Debug|Any CPU.ActiveCfg = Debug|Any CPU
		{28C66D70-F29F-4B92-9A70-C7F7CF18C90B}.Debug|Any CPU.Build.0 = Debug|Any CPU
		{28C66D70-F29F-4B92-9A70-C7F7CF18C90B}.Debug|x64.ActiveCfg = Debug|Any CPU
		{28C66D70-F29F-4B92-9A70-C7F7CF18C90B}.Debug|x64.Build.0 = Debug|Any CPU
		{28C66D70-F29F-4B92-9A70-C7F7CF18C90B}.Release|Any CPU.ActiveCfg = Release|Any CPU
		{28C66D70-F29F-4B92-9A70-C7F7CF18C90B}.Release|Any CPU.Build.0 = Release|Any CPU
		{28C66D70-F29F-4B92-9A70-C7F7CF18C90B}.Release|x64.ActiveCfg = Release|Any CPU
		{28C66D70-F29F-4B92-9A70-C7F7CF18C90B}.Release|x64.Build.0 = Release|Any CPU
		{1A20A121-7210-4773-8231-33A8D452CD1E}.Debug|Any CPU.ActiveCfg = Debug|Any CPU
		{1A20A121-7210-4773-8231-33A8D452CD1E}.Debug|Any CPU.Build.0 = Debug|Any CPU
		{1A20A121-7210-4773-8231-33A8D452CD1E}.Debug|x64.ActiveCfg = Debug|x64
		{1A20A121-7210-4773-8231-33A8D452CD1E}.Debug|x64.Build.0 = Debug|x64
		{1A20A121-7210-4773-8231-33A8D452CD1E}.Release|Any CPU.ActiveCfg = Release|Any CPU
		{1A20A121-7210-4773-8231-33A8D452CD1E}.Release|Any CPU.Build.0 = Release|Any CPU
		{1A20A121-7210-4773-8231-33A8D452CD1E}.Release|x64.ActiveCfg = Release|x64
		{1A20A121-7210-4773-8231-33A8D452CD1E}.Release|x64.Build.0 = Release|x64
		{EBE0FC78-42A7-49A2-9019-FFDAFADF75EE}.Debug|Any CPU.ActiveCfg = Debug|Any CPU
		{EBE0FC78-42A7-49A2-9019-FFDAFADF75EE}.Debug|Any CPU.Build.0 = Debug|Any CPU
		{EBE0FC78-42A7-49A2-9019-FFDAFADF75EE}.Debug|x64.ActiveCfg = Debug|x64
		{EBE0FC78-42A7-49A2-9019-FFDAFADF75EE}.Debug|x64.Build.0 = Debug|x64
		{EBE0FC78-42A7-49A2-9019-FFDAFADF75EE}.Release|Any CPU.ActiveCfg = Release|Any CPU
		{EBE0FC78-42A7-49A2-9019-FFDAFADF75EE}.Release|Any CPU.Build.0 = Release|Any CPU
		{EBE0FC78-42A7-49A2-9019-FFDAFADF75EE}.Release|x64.ActiveCfg = Release|x64
		{EBE0FC78-42A7-49A2-9019-FFDAFADF75EE}.Release|x64.Build.0 = Release|x64
	EndGlobalSection
	GlobalSection(SolutionProperties) = preSolution
		HideSolutionNode = FALSE
	EndGlobalSection
	GlobalSection(ExtensibilityGlobals) = postSolution
		SolutionGuid = {737A5D17-E450-4A3E-9CAA-20B424320171}
	EndGlobalSection
EndGlobal
